// !$*UTF8*$!
{
	archiveVersion = 1;
	classes = {
	};
	objectVersion = 46;
	objects = {

/* Begin PBXBuildFile section */
		04326DD41DDAAD5600B6D5E8 /* TechnologySoukaiTableViewController.swift in Sources */ = {isa = PBXBuildFile; fileRef = 04326DD31DDAAD5600B6D5E8 /* TechnologySoukaiTableViewController.swift */; };
		04326DD61DDAC69700B6D5E8 /* ProductTableViewController.swift in Sources */ = {isa = PBXBuildFile; fileRef = 04326DD51DDAC69700B6D5E8 /* ProductTableViewController.swift */; };
		04326DD81DDAC6CC00B6D5E8 /* GlobalTableViewController.swift in Sources */ = {isa = PBXBuildFile; fileRef = 04326DD71DDAC6CC00B6D5E8 /* GlobalTableViewController.swift */; };
		04326DDC1DDACA9A00B6D5E8 /* mapWorld.png in Resources */ = {isa = PBXBuildFile; fileRef = 04326DDA1DDACA9A00B6D5E8 /* mapWorld.png */; };
		04326DE01DDAD1AE00B6D5E8 /* I-image.png in Resources */ = {isa = PBXBuildFile; fileRef = 04326DDD1DDAD1AE00B6D5E8 /* I-image.png */; };
		04326DE11DDAD1AE00B6D5E8 /* O-image.png in Resources */ = {isa = PBXBuildFile; fileRef = 04326DDE1DDAD1AE00B6D5E8 /* O-image.png */; };
		04326DE21DDAD1AE00B6D5E8 /* T-image.png in Resources */ = {isa = PBXBuildFile; fileRef = 04326DDF1DDAD1AE00B6D5E8 /* T-image.png */; };
		0488FA481DD98308002D06FB /* KaisyagaiyouTableViewController.swift in Sources */ = {isa = PBXBuildFile; fileRef = 0488FA471DD98308002D06FB /* KaisyagaiyouTableViewController.swift */; };
		0488FA4A1DD99F52002D06FB /* Button1TableViewCell.swift in Sources */ = {isa = PBXBuildFile; fileRef = 0488FA491DD99F52002D06FB /* Button1TableViewCell.swift */; };
		0488FA4C1DD9ADD6002D06FB /* Button1.png in Resources */ = {isa = PBXBuildFile; fileRef = 0488FA4B1DD9ADD6002D06FB /* Button1.png */; };
		0488FA501DD9B34E002D06FB /* Button0.png in Resources */ = {isa = PBXBuildFile; fileRef = 0488FA4D1DD9B34E002D06FB /* Button0.png */; };
		0488FA511DD9B34E002D06FB /* Button2.png in Resources */ = {isa = PBXBuildFile; fileRef = 0488FA4E1DD9B34E002D06FB /* Button2.png */; };
		0488FA521DD9B34E002D06FB /* Button3.png in Resources */ = {isa = PBXBuildFile; fileRef = 0488FA4F1DD9B34E002D06FB /* Button3.png */; };
		048E82C31DD94C98009BA684 /* JigyouNaiyouTableViewController.swift in Sources */ = {isa = PBXBuildFile; fileRef = 048E82C21DD94C98009BA684 /* JigyouNaiyouTableViewController.swift */; };
		048E82C51DD94F3B009BA684 /* KaisyajyouhouTableViewController.swift in Sources */ = {isa = PBXBuildFile; fileRef = 048E82C41DD94F3B009BA684 /* KaisyajyouhouTableViewController.swift */; };
		048E82C71DD94F57009BA684 /* SaiyoujyouhouTableViewController.swift in Sources */ = {isa = PBXBuildFile; fileRef = 048E82C61DD94F57009BA684 /* SaiyoujyouhouTableViewController.swift */; };
		049D1E8D1DD5827700AE22F1 /* FrontTableViewCell.swift in Sources */ = {isa = PBXBuildFile; fileRef = 049D1E8C1DD5827700AE22F1 /* FrontTableViewCell.swift */; };
		049D1E8F1DD5ABF000AE22F1 /* GravityHP-004.png in Resources */ = {isa = PBXBuildFile; fileRef = 049D1E8E1DD5ABF000AE22F1 /* GravityHP-004.png */; };
		049D1E931DD5AF3800AE22F1 /* GravityHP-005.png in Resources */ = {isa = PBXBuildFile; fileRef = 049D1E921DD5AF3700AE22F1 /* GravityHP-005.png */; };
		049D1E951DD5B01500AE22F1 /* GravityHP-006.png in Resources */ = {isa = PBXBuildFile; fileRef = 049D1E941DD5B01500AE22F1 /* GravityHP-006.png */; };
		049D1E991DD5B29300AE22F1 /* GravityHP-007.png in Resources */ = {isa = PBXBuildFile; fileRef = 049D1E981DD5B29300AE22F1 /* GravityHP-007.png */; };
		049D1E9B1DD5B3FD00AE22F1 /* GravityHP-008.png in Resources */ = {isa = PBXBuildFile; fileRef = 049D1E9A1DD5B3FD00AE22F1 /* GravityHP-008.png */; };
		049D1E9D1DD5B67A00AE22F1 /* GravityHP-009.png in Resources */ = {isa = PBXBuildFile; fileRef = 049D1E9C1DD5B67A00AE22F1 /* GravityHP-009.png */; };
		049D1E9F1DD5B74400AE22F1 /* GravityHP-010.png in Resources */ = {isa = PBXBuildFile; fileRef = 049D1E9E1DD5B74400AE22F1 /* GravityHP-010.png */; };
		049D1EA31DD5BB5A00AE22F1 /* GravityHP-011.png in Resources */ = {isa = PBXBuildFile; fileRef = 049D1EA21DD5BB5A00AE22F1 /* GravityHP-011.png */; };
		04CA98B61DD54E94001CEF85 /* AppDelegate.swift in Sources */ = {isa = PBXBuildFile; fileRef = 04CA98B51DD54E94001CEF85 /* AppDelegate.swift */; };
		04CA98B81DD54E94001CEF85 /* ViewController.swift in Sources */ = {isa = PBXBuildFile; fileRef = 04CA98B71DD54E94001CEF85 /* ViewController.swift */; };
		04CA98BB1DD54E94001CEF85 /* Main.storyboard in Resources */ = {isa = PBXBuildFile; fileRef = 04CA98B91DD54E94001CEF85 /* Main.storyboard */; };
		04CA98BD1DD54E94001CEF85 /* Assets.xcassets in Resources */ = {isa = PBXBuildFile; fileRef = 04CA98BC1DD54E94001CEF85 /* Assets.xcassets */; };
		04CA98C01DD54E94001CEF85 /* LaunchScreen.storyboard in Resources */ = {isa = PBXBuildFile; fileRef = 04CA98BE1DD54E94001CEF85 /* LaunchScreen.storyboard */; };
		04CA98DA1DD5519F001CEF85 /* GravityHP-001.png in Resources */ = {isa = PBXBuildFile; fileRef = 04CA98C81DD5519F001CEF85 /* GravityHP-001.png */; };
		04CA98DB1DD5519F001CEF85 /* GravityHP-002.png in Resources */ = {isa = PBXBuildFile; fileRef = 04CA98C91DD5519F001CEF85 /* GravityHP-002.png */; };
		04CA98DC1DD5519F001CEF85 /* GravityHP-003.png in Resources */ = {isa = PBXBuildFile; fileRef = 04CA98CA1DD5519F001CEF85 /* GravityHP-003.png */; };
		04CA98DD1DD5519F001CEF85 /* GravityHP-face1.png in Resources */ = {isa = PBXBuildFile; fileRef = 04CA98CB1DD5519F001CEF85 /* GravityHP-face1.png */; };
		04CA98DE1DD5519F001CEF85 /* GravityHP-face2.jpg in Resources */ = {isa = PBXBuildFile; fileRef = 04CA98CC1DD5519F001CEF85 /* GravityHP-face2.jpg */; };
		04CA98DF1DD5519F001CEF85 /* GravityHP-face3.jpg in Resources */ = {isa = PBXBuildFile; fileRef = 04CA98CD1DD5519F001CEF85 /* GravityHP-face3.jpg */; };
		04CA98E01DD5519F001CEF85 /* GravityHP-face4.jpg in Resources */ = {isa = PBXBuildFile; fileRef = 04CA98CE1DD5519F001CEF85 /* GravityHP-face4.jpg */; };
		04CA98E11DD5519F001CEF85 /* GravityHP-face5.png in Resources */ = {isa = PBXBuildFile; fileRef = 04CA98CF1DD5519F001CEF85 /* GravityHP-face5.png */; };
		04CA98E21DD5519F001CEF85 /* GravityHP-face6.png in Resources */ = {isa = PBXBuildFile; fileRef = 04CA98D01DD5519F001CEF85 /* GravityHP-face6.png */; };
		04CA98E31DD5519F001CEF85 /* GravityHP-face7.png in Resources */ = {isa = PBXBuildFile; fileRef = 04CA98D11DD5519F001CEF85 /* GravityHP-face7.png */; };
		04CA98E41DD5519F001CEF85 /* GravityHP-face8.png in Resources */ = {isa = PBXBuildFile; fileRef = 04CA98D21DD5519F001CEF85 /* GravityHP-face8.png */; };
		04CA98E51DD5519F001CEF85 /* GravityHP-face9.png in Resources */ = {isa = PBXBuildFile; fileRef = 04CA98D31DD5519F001CEF85 /* GravityHP-face9.png */; };
		04CA98E61DD5519F001CEF85 /* GravityHP-face10.png in Resources */ = {isa = PBXBuildFile; fileRef = 04CA98D41DD5519F001CEF85 /* GravityHP-face10.png */; };
		04CA98E71DD5519F001CEF85 /* GravityHP-face11.jpg in Resources */ = {isa = PBXBuildFile; fileRef = 04CA98D51DD5519F001CEF85 /* GravityHP-face11.jpg */; };
		04CA98E81DD5519F001CEF85 /* GravityHP-face12.jpg in Resources */ = {isa = PBXBuildFile; fileRef = 04CA98D61DD5519F001CEF85 /* GravityHP-face12.jpg */; };
		04CA98E91DD5519F001CEF85 /* logo_retina.png in Resources */ = {isa = PBXBuildFile; fileRef = 04CA98D71DD5519F001CEF85 /* logo_retina.png */; };
		04CA98EA1DD5519F001CEF85 /* sign-e1445330982691.gif in Resources */ = {isa = PBXBuildFile; fileRef = 04CA98D81DD5519F001CEF85 /* sign-e1445330982691.gif */; };
		04CA98EB1DD5519F001CEF85 /* top_i-130x130.png in Resources */ = {isa = PBXBuildFile; fileRef = 04CA98D91DD5519F001CEF85 /* top_i-130x130.png */; };
/* End PBXBuildFile section */

/* Begin PBXFileReference section */
		04326DD31DDAAD5600B6D5E8 /* TechnologySoukaiTableViewController.swift */ = {isa = PBXFileReference; fileEncoding = 4; lastKnownFileType = sourcecode.swift; path = TechnologySoukaiTableViewController.swift; sourceTree = "<group>"; };
		04326DD51DDAC69700B6D5E8 /* ProductTableViewController.swift */ = {isa = PBXFileReference; fileEncoding = 4; lastKnownFileType = sourcecode.swift; path = ProductTableViewController.swift; sourceTree = "<group>"; };
		04326DD71DDAC6CC00B6D5E8 /* GlobalTableViewController.swift */ = {isa = PBXFileReference; fileEncoding = 4; lastKnownFileType = sourcecode.swift; path = GlobalTableViewController.swift; sourceTree = "<group>"; };
		04326DDA1DDACA9A00B6D5E8 /* mapWorld.png */ = {isa = PBXFileReference; lastKnownFileType = image.png; name = mapWorld.png; path = images/mapWorld.png; sourceTree = "<group>"; };
		04326DDD1DDAD1AE00B6D5E8 /* I-image.png */ = {isa = PBXFileReference; lastKnownFileType = image.png; name = "I-image.png"; path = "images/I-image.png"; sourceTree = "<group>"; };
		04326DDE1DDAD1AE00B6D5E8 /* O-image.png */ = {isa = PBXFileReference; lastKnownFileType = image.png; name = "O-image.png"; path = "images/O-image.png"; sourceTree = "<group>"; };
		04326DDF1DDAD1AE00B6D5E8 /* T-image.png */ = {isa = PBXFileReference; lastKnownFileType = image.png; name = "T-image.png"; path = "images/T-image.png"; sourceTree = "<group>"; };
		0488FA471DD98308002D06FB /* KaisyagaiyouTableViewController.swift */ = {isa = PBXFileReference; fileEncoding = 4; lastKnownFileType = sourcecode.swift; path = KaisyagaiyouTableViewController.swift; sourceTree = "<group>"; };
		0488FA491DD99F52002D06FB /* Button1TableViewCell.swift */ = {isa = PBXFileReference; fileEncoding = 4; lastKnownFileType = sourcecode.swift; path = Button1TableViewCell.swift; sourceTree = "<group>"; };
		0488FA4B1DD9ADD6002D06FB /* Button1.png */ = {isa = PBXFileReference; lastKnownFileType = image.png; name = Button1.png; path = images/Button1.png; sourceTree = "<group>"; };
		0488FA4D1DD9B34E002D06FB /* Button0.png */ = {isa = PBXFileReference; lastKnownFileType = image.png; name = Button0.png; path = images/Button0.png; sourceTree = "<group>"; };
		0488FA4E1DD9B34E002D06FB /* Button2.png */ = {isa = PBXFileReference; lastKnownFileType = image.png; name = Button2.png; path = images/Button2.png; sourceTree = "<group>"; };
		0488FA4F1DD9B34E002D06FB /* Button3.png */ = {isa = PBXFileReference; lastKnownFileType = image.png; name = Button3.png; path = images/Button3.png; sourceTree = "<group>"; };
		048E82C21DD94C98009BA684 /* JigyouNaiyouTableViewController.swift */ = {isa = PBXFileReference; fileEncoding = 4; lastKnownFileType = sourcecode.swift; path = JigyouNaiyouTableViewController.swift; sourceTree = "<group>"; };
		048E82C41DD94F3B009BA684 /* KaisyajyouhouTableViewController.swift */ = {isa = PBXFileReference; fileEncoding = 4; lastKnownFileType = sourcecode.swift; path = KaisyajyouhouTableViewController.swift; sourceTree = "<group>"; };
		048E82C61DD94F57009BA684 /* SaiyoujyouhouTableViewController.swift */ = {isa = PBXFileReference; fileEncoding = 4; lastKnownFileType = sourcecode.swift; path = SaiyoujyouhouTableViewController.swift; sourceTree = "<group>"; };
		049D1E8C1DD5827700AE22F1 /* FrontTableViewCell.swift */ = {isa = PBXFileReference; fileEncoding = 4; lastKnownFileType = sourcecode.swift; path = FrontTableViewCell.swift; sourceTree = "<group>"; };
		049D1E8E1DD5ABF000AE22F1 /* GravityHP-004.png */ = {isa = PBXFileReference; lastKnownFileType = image.png; name = "GravityHP-004.png"; path = "images/GravityHP-004.png"; sourceTree = "<group>"; };
		049D1E921DD5AF3700AE22F1 /* GravityHP-005.png */ = {isa = PBXFileReference; lastKnownFileType = image.png; name = "GravityHP-005.png"; path = "images/GravityHP-005.png"; sourceTree = "<group>"; };
		049D1E941DD5B01500AE22F1 /* GravityHP-006.png */ = {isa = PBXFileReference; lastKnownFileType = image.png; name = "GravityHP-006.png"; path = "images/GravityHP-006.png"; sourceTree = "<group>"; };
		049D1E981DD5B29300AE22F1 /* GravityHP-007.png */ = {isa = PBXFileReference; lastKnownFileType = image.png; name = "GravityHP-007.png"; path = "images/GravityHP-007.png"; sourceTree = "<group>"; };
		049D1E9A1DD5B3FD00AE22F1 /* GravityHP-008.png */ = {isa = PBXFileReference; lastKnownFileType = image.png; name = "GravityHP-008.png"; path = "images/GravityHP-008.png"; sourceTree = "<group>"; };
		049D1E9C1DD5B67A00AE22F1 /* GravityHP-009.png */ = {isa = PBXFileReference; lastKnownFileType = image.png; name = "GravityHP-009.png"; path = "images/GravityHP-009.png"; sourceTree = "<group>"; };
		049D1E9E1DD5B74400AE22F1 /* GravityHP-010.png */ = {isa = PBXFileReference; lastKnownFileType = image.png; name = "GravityHP-010.png"; path = "images/GravityHP-010.png"; sourceTree = "<group>"; };
		049D1EA21DD5BB5A00AE22F1 /* GravityHP-011.png */ = {isa = PBXFileReference; lastKnownFileType = image.png; name = "GravityHP-011.png"; path = "images/GravityHP-011.png"; sourceTree = "<group>"; };
		04CA98B21DD54E94001CEF85 /* GravityHP.app */ = {isa = PBXFileReference; explicitFileType = wrapper.application; includeInIndex = 0; path = GravityHP.app; sourceTree = BUILT_PRODUCTS_DIR; };
		04CA98B51DD54E94001CEF85 /* AppDelegate.swift */ = {isa = PBXFileReference; lastKnownFileType = sourcecode.swift; path = AppDelegate.swift; sourceTree = "<group>"; };
		04CA98B71DD54E94001CEF85 /* ViewController.swift */ = {isa = PBXFileReference; lastKnownFileType = sourcecode.swift; path = ViewController.swift; sourceTree = "<group>"; };
		04CA98BA1DD54E94001CEF85 /* Base */ = {isa = PBXFileReference; lastKnownFileType = file.storyboard; name = Base; path = Base.lproj/Main.storyboard; sourceTree = "<group>"; };
		04CA98BC1DD54E94001CEF85 /* Assets.xcassets */ = {isa = PBXFileReference; lastKnownFileType = folder.assetcatalog; path = Assets.xcassets; sourceTree = "<group>"; };
		04CA98BF1DD54E94001CEF85 /* Base */ = {isa = PBXFileReference; lastKnownFileType = file.storyboard; name = Base; path = Base.lproj/LaunchScreen.storyboard; sourceTree = "<group>"; };
		04CA98C11DD54E94001CEF85 /* Info.plist */ = {isa = PBXFileReference; lastKnownFileType = text.plist.xml; path = Info.plist; sourceTree = "<group>"; };
		04CA98C81DD5519F001CEF85 /* GravityHP-001.png */ = {isa = PBXFileReference; lastKnownFileType = image.png; name = "GravityHP-001.png"; path = "images/GravityHP-001.png"; sourceTree = "<group>"; };
		04CA98C91DD5519F001CEF85 /* GravityHP-002.png */ = {isa = PBXFileReference; lastKnownFileType = image.png; name = "GravityHP-002.png"; path = "images/GravityHP-002.png"; sourceTree = "<group>"; };
		04CA98CA1DD5519F001CEF85 /* GravityHP-003.png */ = {isa = PBXFileReference; lastKnownFileType = image.png; name = "GravityHP-003.png"; path = "images/GravityHP-003.png"; sourceTree = "<group>"; };
		04CA98CB1DD5519F001CEF85 /* GravityHP-face1.png */ = {isa = PBXFileReference; lastKnownFileType = image.png; name = "GravityHP-face1.png"; path = "images/GravityHP-face1.png"; sourceTree = "<group>"; };
		04CA98CC1DD5519F001CEF85 /* GravityHP-face2.jpg */ = {isa = PBXFileReference; lastKnownFileType = image.jpeg; name = "GravityHP-face2.jpg"; path = "images/GravityHP-face2.jpg"; sourceTree = "<group>"; };
		04CA98CD1DD5519F001CEF85 /* GravityHP-face3.jpg */ = {isa = PBXFileReference; lastKnownFileType = image.jpeg; name = "GravityHP-face3.jpg"; path = "images/GravityHP-face3.jpg"; sourceTree = "<group>"; };
		04CA98CE1DD5519F001CEF85 /* GravityHP-face4.jpg */ = {isa = PBXFileReference; lastKnownFileType = image.jpeg; name = "GravityHP-face4.jpg"; path = "images/GravityHP-face4.jpg"; sourceTree = "<group>"; };
		04CA98CF1DD5519F001CEF85 /* GravityHP-face5.png */ = {isa = PBXFileReference; lastKnownFileType = image.png; name = "GravityHP-face5.png"; path = "images/GravityHP-face5.png"; sourceTree = "<group>"; };
		04CA98D01DD5519F001CEF85 /* GravityHP-face6.png */ = {isa = PBXFileReference; lastKnownFileType = image.png; name = "GravityHP-face6.png"; path = "images/GravityHP-face6.png"; sourceTree = "<group>"; };
		04CA98D11DD5519F001CEF85 /* GravityHP-face7.png */ = {isa = PBXFileReference; lastKnownFileType = image.png; name = "GravityHP-face7.png"; path = "images/GravityHP-face7.png"; sourceTree = "<group>"; };
		04CA98D21DD5519F001CEF85 /* GravityHP-face8.png */ = {isa = PBXFileReference; lastKnownFileType = image.png; name = "GravityHP-face8.png"; path = "images/GravityHP-face8.png"; sourceTree = "<group>"; };
		04CA98D31DD5519F001CEF85 /* GravityHP-face9.png */ = {isa = PBXFileReference; lastKnownFileType = image.png; name = "GravityHP-face9.png"; path = "images/GravityHP-face9.png"; sourceTree = "<group>"; };
		04CA98D41DD5519F001CEF85 /* GravityHP-face10.png */ = {isa = PBXFileReference; lastKnownFileType = image.png; name = "GravityHP-face10.png"; path = "images/GravityHP-face10.png"; sourceTree = "<group>"; };
		04CA98D51DD5519F001CEF85 /* GravityHP-face11.jpg */ = {isa = PBXFileReference; lastKnownFileType = image.jpeg; name = "GravityHP-face11.jpg"; path = "images/GravityHP-face11.jpg"; sourceTree = "<group>"; };
		04CA98D61DD5519F001CEF85 /* GravityHP-face12.jpg */ = {isa = PBXFileReference; lastKnownFileType = image.jpeg; name = "GravityHP-face12.jpg"; path = "images/GravityHP-face12.jpg"; sourceTree = "<group>"; };
		04CA98D71DD5519F001CEF85 /* logo_retina.png */ = {isa = PBXFileReference; lastKnownFileType = image.png; name = logo_retina.png; path = images/logo_retina.png; sourceTree = "<group>"; };
		04CA98D81DD5519F001CEF85 /* sign-e1445330982691.gif */ = {isa = PBXFileReference; lastKnownFileType = image.gif; name = "sign-e1445330982691.gif"; path = "images/sign-e1445330982691.gif"; sourceTree = "<group>"; };
		04CA98D91DD5519F001CEF85 /* top_i-130x130.png */ = {isa = PBXFileReference; lastKnownFileType = image.png; name = "top_i-130x130.png"; path = "images/top_i-130x130.png"; sourceTree = "<group>"; };
/* End PBXFileReference section */

/* Begin PBXFrameworksBuildPhase section */
		04CA98AF1DD54E94001CEF85 /* Frameworks */ = {
			isa = PBXFrameworksBuildPhase;
			buildActionMask = 2147483647;
			files = (
			);
			runOnlyForDeploymentPostprocessing = 0;
		};
/* End PBXFrameworksBuildPhase section */

/* Begin PBXGroup section */
		04CA98A91DD54E94001CEF85 = {
			isa = PBXGroup;
			children = (
				04CA98C71DD55165001CEF85 /* Images */,
				04CA98B41DD54E94001CEF85 /* GravityHP */,
				04CA98B31DD54E94001CEF85 /* Products */,
			);
			sourceTree = "<group>";
		};
		04CA98B31DD54E94001CEF85 /* Products */ = {
			isa = PBXGroup;
			children = (
				04CA98B21DD54E94001CEF85 /* GravityHP.app */,
			);
			name = Products;
			sourceTree = "<group>";
		};
		04CA98B41DD54E94001CEF85 /* GravityHP */ = {
			isa = PBXGroup;
			children = (
				04CA98B51DD54E94001CEF85 /* AppDelegate.swift */,
				04CA98B71DD54E94001CEF85 /* ViewController.swift */,
				04CA98B91DD54E94001CEF85 /* Main.storyboard */,
				04CA98BC1DD54E94001CEF85 /* Assets.xcassets */,
				04CA98BE1DD54E94001CEF85 /* LaunchScreen.storyboard */,
				04CA98C11DD54E94001CEF85 /* Info.plist */,
				049D1E8C1DD5827700AE22F1 /* FrontTableViewCell.swift */,
				048E82C21DD94C98009BA684 /* JigyouNaiyouTableViewController.swift */,
				048E82C41DD94F3B009BA684 /* KaisyajyouhouTableViewController.swift */,
				048E82C61DD94F57009BA684 /* SaiyoujyouhouTableViewController.swift */,
				0488FA471DD98308002D06FB /* KaisyagaiyouTableViewController.swift */,
				0488FA491DD99F52002D06FB /* Button1TableViewCell.swift */,
				04326DD31DDAAD5600B6D5E8 /* TechnologySoukaiTableViewController.swift */,
				04326DD51DDAC69700B6D5E8 /* ProductTableViewController.swift */,
				04326DD71DDAC6CC00B6D5E8 /* GlobalTableViewController.swift */,
			);
			path = GravityHP;
			sourceTree = "<group>";
		};
		04CA98C71DD55165001CEF85 /* Images */ = {
			isa = PBXGroup;
			children = (
				04326DDD1DDAD1AE00B6D5E8 /* I-image.png */,
				04326DDE1DDAD1AE00B6D5E8 /* O-image.png */,
				04326DDF1DDAD1AE00B6D5E8 /* T-image.png */,
				04326DDA1DDACA9A00B6D5E8 /* mapWorld.png */,
				0488FA4D1DD9B34E002D06FB /* Button0.png */,
				0488FA4B1DD9ADD6002D06FB /* Button1.png */,
				0488FA4E1DD9B34E002D06FB /* Button2.png */,
				0488FA4F1DD9B34E002D06FB /* Button3.png */,
				049D1EA21DD5BB5A00AE22F1 /* GravityHP-011.png */,
				049D1E9E1DD5B74400AE22F1 /* GravityHP-010.png */,
				04CA98C81DD5519F001CEF85 /* GravityHP-001.png */,
				04CA98C91DD5519F001CEF85 /* GravityHP-002.png */,
				04CA98CA1DD5519F001CEF85 /* GravityHP-003.png */,
				049D1E8E1DD5ABF000AE22F1 /* GravityHP-004.png */,
				049D1E921DD5AF3700AE22F1 /* GravityHP-005.png */,
				049D1E941DD5B01500AE22F1 /* GravityHP-006.png */,
				049D1E981DD5B29300AE22F1 /* GravityHP-007.png */,
				049D1E9A1DD5B3FD00AE22F1 /* GravityHP-008.png */,
				049D1E9C1DD5B67A00AE22F1 /* GravityHP-009.png */,
				04CA98CB1DD5519F001CEF85 /* GravityHP-face1.png */,
				04CA98CC1DD5519F001CEF85 /* GravityHP-face2.jpg */,
				04CA98CD1DD5519F001CEF85 /* GravityHP-face3.jpg */,
				04CA98CE1DD5519F001CEF85 /* GravityHP-face4.jpg */,
				04CA98CF1DD5519F001CEF85 /* GravityHP-face5.png */,
				04CA98D01DD5519F001CEF85 /* GravityHP-face6.png */,
				04CA98D11DD5519F001CEF85 /* GravityHP-face7.png */,
				04CA98D21DD5519F001CEF85 /* GravityHP-face8.png */,
				04CA98D31DD5519F001CEF85 /* GravityHP-face9.png */,
				04CA98D41DD5519F001CEF85 /* GravityHP-face10.png */,
				04CA98D51DD5519F001CEF85 /* GravityHP-face11.jpg */,
				04CA98D61DD5519F001CEF85 /* GravityHP-face12.jpg */,
				04CA98D71DD5519F001CEF85 /* logo_retina.png */,
				04CA98D81DD5519F001CEF85 /* sign-e1445330982691.gif */,
				04CA98D91DD5519F001CEF85 /* top_i-130x130.png */,
			);
			name = Images;
			sourceTree = "<group>";
		};
/* End PBXGroup section */

/* Begin PBXNativeTarget section */
		04CA98B11DD54E94001CEF85 /* GravityHP */ = {
			isa = PBXNativeTarget;
			buildConfigurationList = 04CA98C41DD54E94001CEF85 /* Build configuration list for PBXNativeTarget "GravityHP" */;
			buildPhases = (
				04CA98AE1DD54E94001CEF85 /* Sources */,
				04CA98AF1DD54E94001CEF85 /* Frameworks */,
				04CA98B01DD54E94001CEF85 /* Resources */,
			);
			buildRules = (
			);
			dependencies = (
			);
			name = GravityHP;
			productName = GravityHP;
			productReference = 04CA98B21DD54E94001CEF85 /* GravityHP.app */;
			productType = "com.apple.product-type.application";
		};
/* End PBXNativeTarget section */

/* Begin PBXProject section */
		04CA98AA1DD54E94001CEF85 /* Project object */ = {
			isa = PBXProject;
			attributes = {
				LastSwiftUpdateCheck = 0810;
				LastUpgradeCheck = 0810;
				ORGANIZATIONNAME = "younghwan moon";
				TargetAttributes = {
					04CA98B11DD54E94001CEF85 = {
						CreatedOnToolsVersion = 8.1;
						DevelopmentTeam = 2GP4M3XF7S;
						ProvisioningStyle = Automatic;
					};
				};
			};
			buildConfigurationList = 04CA98AD1DD54E94001CEF85 /* Build configuration list for PBXProject "GravityHP" */;
			compatibilityVersion = "Xcode 3.2";
			developmentRegion = English;
			hasScannedForEncodings = 0;
			knownRegions = (
				en,
				Base,
			);
			mainGroup = 04CA98A91DD54E94001CEF85;
			productRefGroup = 04CA98B31DD54E94001CEF85 /* Products */;
			projectDirPath = "";
			projectRoot = "";
			targets = (
				04CA98B11DD54E94001CEF85 /* GravityHP */,
			);
		};
/* End PBXProject section */

/* Begin PBXResourcesBuildPhase section */
		04CA98B01DD54E94001CEF85 /* Resources */ = {
			isa = PBXResourcesBuildPhase;
			buildActionMask = 2147483647;
			files = (
				049D1E9F1DD5B74400AE22F1 /* GravityHP-010.png in Resources */,
				04CA98DA1DD5519F001CEF85 /* GravityHP-001.png in Resources */,
				04CA98EA1DD5519F001CEF85 /* sign-e1445330982691.gif in Resources */,
				04CA98C01DD54E94001CEF85 /* LaunchScreen.storyboard in Resources */,
				0488FA521DD9B34E002D06FB /* Button3.png in Resources */,
				049D1E991DD5B29300AE22F1 /* GravityHP-007.png in Resources */,
				049D1E931DD5AF3800AE22F1 /* GravityHP-005.png in Resources */,
				049D1E9D1DD5B67A00AE22F1 /* GravityHP-009.png in Resources */,
				049D1E8F1DD5ABF000AE22F1 /* GravityHP-004.png in Resources */,
				049D1E951DD5B01500AE22F1 /* GravityHP-006.png in Resources */,
				04CA98E61DD5519F001CEF85 /* GravityHP-face10.png in Resources */,
				04CA98DC1DD5519F001CEF85 /* GravityHP-003.png in Resources */,
				049D1E9B1DD5B3FD00AE22F1 /* GravityHP-008.png in Resources */,
				0488FA511DD9B34E002D06FB /* Button2.png in Resources */,
				04CA98E11DD5519F001CEF85 /* GravityHP-face5.png in Resources */,
				0488FA4C1DD9ADD6002D06FB /* Button1.png in Resources */,
				04CA98E41DD5519F001CEF85 /* GravityHP-face8.png in Resources */,
				04CA98E91DD5519F001CEF85 /* logo_retina.png in Resources */,
				049D1EA31DD5BB5A00AE22F1 /* GravityHP-011.png in Resources */,
				04CA98E31DD5519F001CEF85 /* GravityHP-face7.png in Resources */,
				04CA98E71DD5519F001CEF85 /* GravityHP-face11.jpg in Resources */,
				04326DDC1DDACA9A00B6D5E8 /* mapWorld.png in Resources */,
				04CA98BD1DD54E94001CEF85 /* Assets.xcassets in Resources */,
				04326DE11DDAD1AE00B6D5E8 /* O-image.png in Resources */,
				04CA98E01DD5519F001CEF85 /* GravityHP-face4.jpg in Resources */,
				04CA98E21DD5519F001CEF85 /* GravityHP-face6.png in Resources */,
				04CA98E51DD5519F001CEF85 /* GravityHP-face9.png in Resources */,
				04326DE21DDAD1AE00B6D5E8 /* T-image.png in Resources */,
				0488FA501DD9B34E002D06FB /* Button0.png in Resources */,
				04CA98DD1DD5519F001CEF85 /* GravityHP-face1.png in Resources */,
				04CA98DB1DD5519F001CEF85 /* GravityHP-002.png in Resources */,
				04CA98DF1DD5519F001CEF85 /* GravityHP-face3.jpg in Resources */,
				04326DE01DDAD1AE00B6D5E8 /* I-image.png in Resources */,
				04CA98DE1DD5519F001CEF85 /* GravityHP-face2.jpg in Resources */,
				04CA98E81DD5519F001CEF85 /* GravityHP-face12.jpg in Resources */,
				04CA98BB1DD54E94001CEF85 /* Main.storyboard in Resources */,
				04CA98EB1DD5519F001CEF85 /* top_i-130x130.png in Resources */,
			);
			runOnlyForDeploymentPostprocessing = 0;
		};
/* End PBXResourcesBuildPhase section */

/* Begin PBXSourcesBuildPhase section */
		04CA98AE1DD54E94001CEF85 /* Sources */ = {
			isa = PBXSourcesBuildPhase;
			buildActionMask = 2147483647;
			files = (
				04CA98B81DD54E94001CEF85 /* ViewController.swift in Sources */,
				048E82C51DD94F3B009BA684 /* KaisyajyouhouTableViewController.swift in Sources */,
				04326DD41DDAAD5600B6D5E8 /* TechnologySoukaiTableViewController.swift in Sources */,
				049D1E8D1DD5827700AE22F1 /* FrontTableViewCell.swift in Sources */,
				04326DD61DDAC69700B6D5E8 /* ProductTableViewController.swift in Sources */,
				04326DD81DDAC6CC00B6D5E8 /* GlobalTableViewController.swift in Sources */,
				048E82C71DD94F57009BA684 /* SaiyoujyouhouTableViewController.swift in Sources */,
				04CA98B61DD54E94001CEF85 /* AppDelegate.swift in Sources */,
				0488FA4A1DD99F52002D06FB /* Button1TableViewCell.swift in Sources */,
				048E82C31DD94C98009BA684 /* JigyouNaiyouTableViewController.swift in Sources */,
				0488FA481DD98308002D06FB /* KaisyagaiyouTableViewController.swift in Sources */,
			);
			runOnlyForDeploymentPostprocessing = 0;
		};
/* End PBXSourcesBuildPhase section */

/* Begin PBXVariantGroup section */
		04CA98B91DD54E94001CEF85 /* Main.storyboard */ = {
			isa = PBXVariantGroup;
			children = (
				04CA98BA1DD54E94001CEF85 /* Base */,
			);
			name = Main.storyboard;
			sourceTree = "<group>";
		};
		04CA98BE1DD54E94001CEF85 /* LaunchScreen.storyboard */ = {
			isa = PBXVariantGroup;
			children = (
				04CA98BF1DD54E94001CEF85 /* Base */,
			);
			name = LaunchScreen.storyboard;
			sourceTree = "<group>";
		};
/* End PBXVariantGroup section */

/* Begin XCBuildConfiguration section */
		04CA98C21DD54E94001CEF85 /* Debug */ = {
			isa = XCBuildConfiguration;
			buildSettings = {
				ALWAYS_SEARCH_USER_PATHS = NO;
				CLANG_ANALYZER_NONNULL = YES;
				CLANG_CXX_LANGUAGE_STANDARD = "gnu++0x";
				CLANG_CXX_LIBRARY = "libc++";
				CLANG_ENABLE_MODULES = YES;
				CLANG_ENABLE_OBJC_ARC = YES;
				CLANG_WARN_BOOL_CONVERSION = YES;
				CLANG_WARN_CONSTANT_CONVERSION = YES;
				CLANG_WARN_DIRECT_OBJC_ISA_USAGE = YES_ERROR;
				CLANG_WARN_DOCUMENTATION_COMMENTS = YES;
				CLANG_WARN_EMPTY_BODY = YES;
				CLANG_WARN_ENUM_CONVERSION = YES;
				CLANG_WARN_INFINITE_RECURSION = YES;
				CLANG_WARN_INT_CONVERSION = YES;
				CLANG_WARN_OBJC_ROOT_CLASS = YES_ERROR;
				CLANG_WARN_SUSPICIOUS_MOVES = YES;
				CLANG_WARN_UNREACHABLE_CODE = YES;
				CLANG_WARN__DUPLICATE_METHOD_MATCH = YES;
				"CODE_SIGN_IDENTITY[sdk=iphoneos*]" = "iPhone Developer";
				COPY_PHASE_STRIP = NO;
				DEBUG_INFORMATION_FORMAT = dwarf;
				ENABLE_STRICT_OBJC_MSGSEND = YES;
				ENABLE_TESTABILITY = YES;
				GCC_C_LANGUAGE_STANDARD = gnu99;
				GCC_DYNAMIC_NO_PIC = NO;
				GCC_NO_COMMON_BLOCKS = YES;
				GCC_OPTIMIZATION_LEVEL = 0;
				GCC_PREPROCESSOR_DEFINITIONS = (
					"DEBUG=1",
					"$(inherited)",
				);
				GCC_WARN_64_TO_32_BIT_CONVERSION = YES;
				GCC_WARN_ABOUT_RETURN_TYPE = YES_ERROR;
				GCC_WARN_UNDECLARED_SELECTOR = YES;
				GCC_WARN_UNINITIALIZED_AUTOS = YES_AGGRESSIVE;
				GCC_WARN_UNUSED_FUNCTION = YES;
				GCC_WARN_UNUSED_VARIABLE = YES;
				IPHONEOS_DEPLOYMENT_TARGET = 9.3;
				MTL_ENABLE_DEBUG_INFO = YES;
				ONLY_ACTIVE_ARCH = YES;
				SDKROOT = iphoneos;
				SWIFT_ACTIVE_COMPILATION_CONDITIONS = DEBUG;
				SWIFT_OPTIMIZATION_LEVEL = "-Onone";
				TARGETED_DEVICE_FAMILY = "1,2";
			};
			name = Debug;
		};
		04CA98C31DD54E94001CEF85 /* Release */ = {
			isa = XCBuildConfiguration;
			buildSettings = {
				ALWAYS_SEARCH_USER_PATHS = NO;
				CLANG_ANALYZER_NONNULL = YES;
				CLANG_CXX_LANGUAGE_STANDARD = "gnu++0x";
				CLANG_CXX_LIBRARY = "libc++";
				CLANG_ENABLE_MODULES = YES;
				CLANG_ENABLE_OBJC_ARC = YES;
				CLANG_WARN_BOOL_CONVERSION = YES;
				CLANG_WARN_CONSTANT_CONVERSION = YES;
				CLANG_WARN_DIRECT_OBJC_ISA_USAGE = YES_ERROR;
				CLANG_WARN_DOCUMENTATION_COMMENTS = YES;
				CLANG_WARN_EMPTY_BODY = YES;
				CLANG_WARN_ENUM_CONVERSION = YES;
				CLANG_WARN_INFINITE_RECURSION = YES;
				CLANG_WARN_INT_CONVERSION = YES;
				CLANG_WARN_OBJC_ROOT_CLASS = YES_ERROR;
				CLANG_WARN_SUSPICIOUS_MOVES = YES;
				CLANG_WARN_UNREACHABLE_CODE = YES;
				CLANG_WARN__DUPLICATE_METHOD_MATCH = YES;
				"CODE_SIGN_IDENTITY[sdk=iphoneos*]" = "iPhone Developer";
				COPY_PHASE_STRIP = NO;
				DEBUG_INFORMATION_FORMAT = "dwarf-with-dsym";
				ENABLE_NS_ASSERTIONS = NO;
				ENABLE_STRICT_OBJC_MSGSEND = YES;
				GCC_C_LANGUAGE_STANDARD = gnu99;
				GCC_NO_COMMON_BLOCKS = YES;
				GCC_WARN_64_TO_32_BIT_CONVERSION = YES;
				GCC_WARN_ABOUT_RETURN_TYPE = YES_ERROR;
				GCC_WARN_UNDECLARED_SELECTOR = YES;
				GCC_WARN_UNINITIALIZED_AUTOS = YES_AGGRESSIVE;
				GCC_WARN_UNUSED_FUNCTION = YES;
				GCC_WARN_UNUSED_VARIABLE = YES;
				IPHONEOS_DEPLOYMENT_TARGET = 9.3;
				MTL_ENABLE_DEBUG_INFO = NO;
				SDKROOT = iphoneos;
				SWIFT_OPTIMIZATION_LEVEL = "-Owholemodule";
				TARGETED_DEVICE_FAMILY = "1,2";
				VALIDATE_PRODUCT = YES;
			};
			name = Release;
		};
		04CA98C51DD54E94001CEF85 /* Debug */ = {
			isa = XCBuildConfiguration;
			buildSettings = {
				ASSETCATALOG_COMPILER_APPICON_NAME = AppIcon;
				DEVELOPMENT_TEAM = 2GP4M3XF7S;
				INFOPLIST_FILE = GravityHP/Info.plist;
				LD_RUNPATH_SEARCH_PATHS = "$(inherited) @executable_path/Frameworks";
				PRODUCT_BUNDLE_IDENTIFIER = com.jgoplay.GravityHP;
				PRODUCT_NAME = "$(TARGET_NAME)";
				SWIFT_VERSION = 3.0;
			};
			name = Debug;
		};
		04CA98C61DD54E94001CEF85 /* Release */ = {
			isa = XCBuildConfiguration;
			buildSettings = {
				ASSETCATALOG_COMPILER_APPICON_NAME = AppIcon;
				DEVELOPMENT_TEAM = 2GP4M3XF7S;
				INFOPLIST_FILE = GravityHP/Info.plist;
				LD_RUNPATH_SEARCH_PATHS = "$(inherited) @executable_path/Frameworks";
				PRODUCT_BUNDLE_IDENTIFIER = com.jgoplay.GravityHP;
				PRODUCT_NAME = "$(TARGET_NAME)";
				SWIFT_VERSION = 3.0;
			};
			name = Release;
		};
/* End XCBuildConfiguration section */

/* Begin XCConfigurationList section */
		04CA98AD1DD54E94001CEF85 /* Build configuration list for PBXProject "GravityHP" */ = {
			isa = XCConfigurationList;
			buildConfigurations = (
				04CA98C21DD54E94001CEF85 /* Debug */,
				04CA98C31DD54E94001CEF85 /* Release */,
			);
			defaultConfigurationIsVisible = 0;
			defaultConfigurationName = Debug;
		};
		04CA98C41DD54E94001CEF85 /* Build configuration list for PBXNativeTarget "GravityHP" */ = {
			isa = XCConfigurationList;
			buildConfigurations = (
				04CA98C51DD54E94001CEF85 /* Debug */,
				04CA98C61DD54E94001CEF85 /* Release */,
			);
			defaultConfigurationIsVisible = 0;
			defaultConfigurationName = Debug;
		};
/* End XCConfigurationList section */
	};
	rootObject = 04CA98AA1DD54E94001CEF85 /* Project object */;
}
